<?xml version="1.0" encoding="utf-8"?>
<Project ToolsVersion="4.0" xmlns="http://schemas.microsoft.com/developer/msbuild/2003">
  <ItemGroup>
    <Filter Include="Source Files">
      <UniqueIdentifier>{4FC737F1-C7A5-4376-A066-2A32D752A2FF}</UniqueIdentifier>
      <Extensions>cpp;c;cc;cxx;c++;cppm;ixx;def;odl;idl;hpj;bat;asm;asmx</Extensions>
    </Filter>
    <Filter Include="Header Files">
      <UniqueIdentifier>{93995380-89BD-4b04-88EB-625FBE52EBFB}</UniqueIdentifier>
      <Extensions>h;hh;hpp;hxx;h++;hm;inl;inc;ipp;xsd</Extensions>
    </Filter>
    <Filter Include="Resource Files">
      <UniqueIdentifier>{67DA6AB6-F800-4c08-8B7A-83BB121AAD01}</UniqueIdentifier>
      <Extensions>rc;ico;cur;bmp;dlg;rc2;rct;bin;rgs;gif;jpg;jpeg;jpe;resx;tiff;tif;png;wav;mfcribbon-ms</Extensions>
    </Filter>
  </ItemGroup>
  <ItemGroup>
    <ClInclude Include="src\headers\system.h">
      <Filter>Header Files</Filter>
    </ClInclude>
    <ClInclude Include="src\headers\input.h">
      <Filter>Header Files</Filter>
    </ClInclude>
    <ClInclude Include="src\headers\application.h">
      <Filter>Header Files</Filter>
    </ClInclude>
    <ClInclude Include="src\headers\d3d.h">
      <Filter>Header Files</Filter>
    </ClInclude>
    <ClInclude Include="src\headers\colorshader.h">
      <Filter>Header Files</Filter>
    </ClInclude>
    <ClInclude Include="src\headers\model.h">
      <Filter>Header Files</Filter>
    </ClInclude>
    <ClInclude Include="src\headers\camera.h">
      <Filter>Header Files</Filter>
    </ClInclude>
    <ClInclude Include="src\headers\textureshader.h">
      <Filter>Header Files</Filter>
    </ClInclude>
    <ClInclude Include="src\headers\texture.h">
      <Filter>Header Files</Filter>
    </ClInclude>
    <ClInclude Include="src\headers\lightshader.h">
      <Filter>Header Files</Filter>
    </ClInclude>
    <ClInclude Include="src\headers\light.h">
      <Filter>Header Files</Filter>
    </ClInclude>
    <ClInclude Include="src\headers\bitmap.h">
      <Filter>Header Files</Filter>
    </ClInclude>
    <ClInclude Include="src\headers\DirectXMath.h">
      <Filter>Header Files</Filter>
    </ClInclude>
    <ClInclude Include="src\headers\font.h">
      <Filter>Header Files</Filter>
    </ClInclude>
    <ClInclude Include="src\headers\sprite.h">
      <Filter>Header Files</Filter>
    </ClInclude>
    <ClInclude Include="src\headers\timer.h">
      <Filter>Header Files</Filter>
    </ClInclude>
    <ClInclude Include="src\headers\multitextureshader.h">
      <Filter>Header Files</Filter>
    </ClInclude>
    <ClInclude Include="src\headers\lightmapshader.h">
      <Filter>Header Files</Filter>
    </ClInclude>
  </ItemGroup>
  <ItemGroup>
    <ClCompile Include="src\main.cpp">
      <Filter>Source Files</Filter>
    </ClCompile>
    <ClCompile Include="src\system.cpp">
      <Filter>Source Files</Filter>
    </ClCompile>
    <ClCompile Include="src\input.cpp">
      <Filter>Source Files</Filter>
    </ClCompile>
    <ClCompile Include="src\application.cpp">
      <Filter>Source Files</Filter>
    </ClCompile>
    <ClCompile Include="src\d3d.cpp">
      <Filter>Source Files</Filter>
    </ClCompile>
    <ClCompile Include="src\colorshader.cpp">
      <Filter>Source Files</Filter>
    </ClCompile>
    <ClCompile Include="src\model.cpp">
      <Filter>Source Files</Filter>
    </ClCompile>
    <ClCompile Include="src\camera.cpp">
      <Filter>Source Files</Filter>
    </ClCompile>
    <ClCompile Include="src\textureshader.cpp">
      <Filter>Source Files</Filter>
    </ClCompile>
    <ClCompile Include="src\texture.cpp">
      <Filter>Source Files</Filter>
    </ClCompile>
    <ClCompile Include="src\lightshader.cpp">
      <Filter>Source Files</Filter>
    </ClCompile>
    <ClCompile Include="src\light.cpp">
      <Filter>Source Files</Filter>
    </ClCompile>
    <ClCompile Include="src\bitmap.cpp">
      <Filter>Source Files</Filter>
    </ClCompile>
    <ClCompile Include="src\font.cpp">
      <Filter>Source Files</Filter>
    </ClCompile>
    <ClCompile Include="src\sprite.cpp">
      <Filter>Source Files</Filter>
    </ClCompile>
    <ClCompile Include="src\timer.cpp">
      <Filter>Source Files</Filter>
    </ClCompile>
    <ClCompile Include="src\multitextureshader.cpp">
      <Filter>Source Files</Filter>
    </ClCompile>
    <ClCompile Include="src\lightmapshader.cpp">
      <Filter>Source Files</Filter>
    </ClCompile>
  </ItemGroup>
  <ItemGroup>
    <None Include="src\shaders\color.vs" />
    <None Include="src\shaders\color.ps" />
    <None Include="src\textures\texture.vs" />
    <None Include="src\textures\texture.ps" />
    <None Include="src\lights\light.vs" />
    <None Include="src\lights\light.ps" />
    <None Include="src\textures\multitexture.vs" />
    <None Include="src\textures\multitexture.ps" />
    <None Include="src\lights\lightmap.vs" />
    <None Include="src\lights\lightmap.ps" />
  </ItemGroup>
  <ItemGroup>
    <Text Include="src\assets\models\cube.txt" />
  </ItemGroup>
</Project>